
Microsoft Visual Studio Solution File, Format Version 11.00
# Visual C++ Express 2010
Project("{8BC9CEB8-8B4A-11D0-8D11-00A0C91BC942}") = "Himno de Bolivia 1ra Estrofa", "Himno de Bolivia 1ra Estrofa\Himno de Bolivia 1ra Estrofa.vcxproj", "{20A9BF5F-0777-4C41-A99F-8DB477E93AE0}"
EndProject
Global
	GlobalSection(SolutionConfigurationPlatforms) = preSolution
		Debug|Win32 = Debug|Win32
		Release|Win32 = Release|Win32
	EndGlobalSection
	GlobalSection(ProjectConfigurationPlatforms) = postSolution
		{20A9BF5F-0777-4C41-A99F-8DB477E93AE0}.Debug|Win32.ActiveCfg = Debug|Win32
		{20A9BF5F-0777-4C41-A99F-8DB477E93AE0}.Debug|Win32.Build.0 = Debug|Win32
		{20A9BF5F-0777-4C41-A99F-8DB477E93AE0}.Release|Win32.ActiveCfg = Release|Win32
		{20A9BF5F-0777-4C41-A99F-8DB477E93AE0}.Release|Win32.Build.0 = Release|Win32
	EndGlobalSection
	GlobalSection(SolutionProperties) = preSolution
		HideSolutionNode = FALSE
	EndGlobalSection
EndGlobal
